
Microsoft Visual Studio Solution File, Format Version 12.00
# Visual Studio Version 16
VisualStudioVersion = 16.0.31605.320
MinimumVisualStudioVersion = 10.0.40219.1
Project("{FAE04EC0-301F-11D3-BF4B-00C04F79EFBC}") = "Database_Management_App", "Database_Management_App\Database_Management_App.csproj", "{BE494C52-582A-4AE1-8B0C-722EA34EBE01}"
EndProject
Global
	GlobalSection(SolutionConfigurationPlatforms) = preSolution
		Debug|Any CPU = Debug|Any CPU
		Release|Any CPU = Release|Any CPU
	EndGlobalSection
	GlobalSection(ProjectConfigurationPlatforms) = postSolution
		{BE494C52-582A-4AE1-8B0C-722EA34EBE01}.Debug|Any CPU.ActiveCfg = Debug|Any CPU
		{BE494C52-582A-4AE1-8B0C-722EA34EBE01}.Debug|Any CPU.Build.0 = Debug|Any CPU
		{BE494C52-582A-4AE1-8B0C-722EA34EBE01}.Release|Any CPU.ActiveCfg = Release|Any CPU
		{BE494C52-582A-4AE1-8B0C-722EA34EBE01}.Release|Any CPU.Build.0 = Release|Any CPU
	EndGlobalSection
	GlobalSection(SolutionProperties) = preSolution
		HideSolutionNode = FALSE
	EndGlobalSection
	GlobalSection(ExtensibilityGlobals) = postSolution
		SolutionGuid = {86502FFD-3213-4287-9383-F6B8D086DAB1}
	EndGlobalSection
EndGlobal
